{
  "nodes": {
    "anytype-cli-src": {
      "flake": false,
      "locked": {
        "lastModified": 1775639516,
        "narHash": "sha256-j2wNf73cVb7aM7qJ3+286ITkTKuF5vuGNxv+iW/ph6A=",
        "owner": "anyproto",
        "repo": "anytype-cli",
        "rev": "72ca3ebb5e7f23f11747ce3e10c27c0285545bb6",
        "type": "github"
      },
      "original": {
        "owner": "anyproto",
        "ref": "v0.1.14",
        "repo": "anytype-cli",
        "type": "github"
      }
    },
    "aquamarine": {
      "inputs": {
        "hyprutils": [
          "hyprland",
          "hyprutils"
        ],
        "hyprwayland-scanner": [
          "hyprland",
          "hyprwayland-scanner"
        ],
        "nixpkgs": [
          "hyprland",
          "nixpkgs"
        ],
        "systems": [
          "hyprland",
          "systems"
        ]
      },
      "locked": {
        "lastModified": 1776702787,
        "narHash": "sha256-qc5uwEWbuubzYthmZcfCapooZGXhoYZWfTQ24TozbCQ=",
        "owner": "hyprwm",
        "repo": "aquamarine",
        "rev": "9a1ca6b8cb4d86a599787a55b78f2ddf809bf945",
        "type": "github"
      },
      "original": {
        "owner": "hyprwm",
        "repo": "aquamarine",
        "type": "github"
      }
    },
    "argononed": {
      "flake": false,
      "locked": {
        "lastModified": 1729566243,
        "narHash": "sha256-DPNI0Dpk5aym3Baf5UbEe5GENDrSmmXVdriRSWE+rgk=",
        "owner": "nvmd",
        "repo": "argononed",
        "rev": "16dbee54d49b66d5654d228d1061246b440ef7cf",
        "type": "github"
      },
      "original": {
        "owner": "nvmd",
        "repo": "argononed",
        "type": "github"
      }
    },
    "blobs": {
      "flake": false,
      "locked": {
        "lastModified": 1604995301,
        "narHash": "sha256-wcLzgLec6SGJA8fx1OEN1yV/Py5b+U5iyYpksUY/yLw=",
        "owner": "simple-nixos-mailserver",
        "repo": "blobs",
        "rev": "2cccdf1ca48316f2cfd1c9a0017e8de5a7156265",
        "type": "gitlab"
      },
      "original": {
        "owner": "simple-nixos-mailserver",
        "repo": "blobs",
        "type": "gitlab"
      }
    },
    "blueprint": {
      "inputs": {
        "nixpkgs": [
          "llm-agents",
          "nixpkgs"
        ],
        "systems": [
          "llm-agents",
          "systems"
        ]
      },
      "locked": {
        "lastModified": 1776249299,
        "narHash": "sha256-Dt9t1TGRmJFc0xVYhttNBD6QsAgHOHCArqGa0AyjrJY=",
        "owner": "numtide",
        "repo": "blueprint",
        "rev": "56131e8628f173d24a27f6d27c0215eff57e40dd",
        "type": "github"
      },
      "original": {
        "owner": "numtide",
        "repo": "blueprint",
        "type": "github"
      }
    },
    "bun2nix": {
      "inputs": {
        "flake-parts": [
          "flake-parts"
        ],
        "import-tree": "import-tree",
        "nixpkgs": [
          "nixpkgs"
        ],
        "systems": "systems",
        "treefmt-nix": [
          "treefmt-nix"
        ]
      },
      "locked": {
        "lastModified": 1770895533,
        "narHash": "sha256-v3QaK9ugy9bN9RXDnjw0i2OifKmz2NnKM82agtqm/UY=",
        "owner": "nix-community",
        "repo": "bun2nix",
        "rev": "c843f477b15f51151f8c6bcc886954699440a6e1",
        "type": "github"
      },
      "original": {
        "owner": "nix-community",
        "repo": "bun2nix",
        "type": "github"
      }
    },
    "chrome-devtools-mcp-src": {
      "flake": false,
      "locked": {
        "lastModified": 1773833957,
        "narHash": "sha256-u1jCmWvRcSj2DCN5EFSGvwxlPsRbnFOt1DTi9F2fgTM=",
        "owner": "ChromeDevTools",
        "repo": "chrome-devtools-mcp",
        "rev": "62791770169c2ce3a2fab807de11f767de26a503",
        "type": "github"
      },
      "original": {
        "owner": "ChromeDevTools",
        "ref": "chrome-devtools-mcp-v0.20.2",
        "repo": "chrome-devtools-mcp",
        "type": "github"
      }
    },
    "deploy-rs": {
      "inputs": {
        "flake-compat": [
          "flake-compat"
        ],
        "nixpkgs": [
          "nixpkgs"
        ],
        "utils": "utils"
      },
      "locked": {
        "lastModified": 1770019181,
        "narHash": "sha256-hwsYgDnby50JNVpTRYlF3UR/Rrpt01OrxVuryF40CFY=",
        "owner": "serokell",
        "repo": "deploy-rs",
        "rev": "77c906c0ba56aabdbc72041bf9111b565cdd6171",
        "type": "github"
      },
      "original": {
        "owner": "serokell",
        "repo": "deploy-rs",
        "type": "github"
      }
    },
    "devshell": {
      "inputs": {
        "nixpkgs": [
          "headplane",
          "nixpkgs"
        ]
      },
      "locked": {
        "lastModified": 1768818222,
        "narHash": "sha256-460jc0+CZfyaO8+w8JNtlClB2n4ui1RbHfPTLkpwhU8=",
        "owner": "numtide",
        "repo": "devshell",
        "rev": "255a2b1725a20d060f566e4755dbf571bbbb5f76",
        "type": "github"
      },
      "original": {
        "owner": "numtide",
        "repo": "devshell",
        "type": "github"
      }
    },
    "disko": {
      "inputs": {
        "nixpkgs": [
          "nixpkgs"
        ]
      },
      "locked": {
        "lastModified": 1776613567,
        "narHash": "sha256-gC9Cp5ibBmGD5awCA9z7xy6MW6iJufhazTYJOiGlCUI=",
        "owner": "nix-community",
        "repo": "disko",
        "rev": "32f4236bfc141ae930b5ba2fb604f561fed5219d",
        "type": "github"
      },
      "original": {
        "owner": "nix-community",
        "repo": "disko",
        "type": "github"
      }
    },
    "diypresso-client-src": {
      "flake": false,
      "locked": {
        "lastModified": 1759505505,
        "narHash": "sha256-OWCcR+k8QRzwx0V6k0ccZnq6Ci+5Rx8N4WRCirN2KSA=",
        "owner": "diyPresso",
        "repo": "diyPresso-Client",
        "rev": "95d5fb11b0b9d4db91d53f771e84e3245293e988",
        "type": "github"
      },
      "original": {
        "owner": "diyPresso",
        "repo": "diyPresso-Client",
        "type": "github"
      }
    },
    "flake-compat": {
      "flake": false,
      "locked": {
        "lastModified": 1767039857,
        "narHash": "sha256-vNpUSpF5Nuw8xvDLj2KCwwksIbjua2LZCqhV1LNRDns=",
        "owner": "NixOS",
        "repo": "flake-compat",
        "rev": "5edf11c44bc78a0d334f6334cdaf7d60d732daab",
        "type": "github"
      },
      "original": {
        "owner": "NixOS",
        "repo": "flake-compat",
        "type": "github"
      }
    },
    "flake-compat_2": {
      "flake": false,
      "locked": {
        "lastModified": 1767039857,
        "narHash": "sha256-vNpUSpF5Nuw8xvDLj2KCwwksIbjua2LZCqhV1LNRDns=",
        "owner": "NixOS",
        "repo": "flake-compat",
        "rev": "5edf11c44bc78a0d334f6334cdaf7d60d732daab",
        "type": "github"
      },
      "original": {
        "owner": "NixOS",
        "repo": "flake-compat",
        "type": "github"
      }
    },
    "flake-parts": {
      "inputs": {
        "nixpkgs-lib": "nixpkgs-lib"
      },
      "locked": {
        "lastModified": 1775087534,
        "narHash": "sha256-91qqW8lhL7TLwgQWijoGBbiD4t7/q75KTi8NxjVmSmA=",
        "owner": "hercules-ci",
        "repo": "flake-parts",
        "rev": "3107b77cd68437b9a76194f0f7f9c55f2329ca5b",
        "type": "github"
      },
      "original": {
        "owner": "hercules-ci",
        "repo": "flake-parts",
        "type": "github"
      }
    },
    "flake-utils": {
      "inputs": {
        "systems": [
          "systems"
        ]
      },
      "locked": {
        "lastModified": 1731533236,
        "narHash": "sha256-l0KFg5HjrsfsO/JpG+r7fRrqm12kzFHyUHqHCVpMMbI=",
        "owner": "numtide",
        "repo": "flake-utils",
        "rev": "11707dc2f618dd54ca8739b309ec4fc024de578b",
        "type": "github"
      },
      "original": {
        "owner": "numtide",
        "repo": "flake-utils",
        "type": "github"
      }
    },
    "git-hooks": {
      "inputs": {
        "flake-compat": [
          "simple-nixos-mailserver",
          "flake-compat"
        ],
        "gitignore": "gitignore_2",
        "nixpkgs": [
          "simple-nixos-mailserver",
          "nixpkgs"
        ]
      },
      "locked": {
        "lastModified": 1775585728,
        "narHash": "sha256-8Psjt+TWvE4thRKktJsXfR6PA/fWWsZ04DVaY6PUhr4=",
        "owner": "cachix",
        "repo": "git-hooks.nix",
        "rev": "580633fa3fe5fc0379905986543fd7495481913d",
        "type": "github"
      },
      "original": {
        "owner": "cachix",
        "repo": "git-hooks.nix",
        "type": "github"
      }
    },
    "gitignore": {
      "inputs": {
        "nixpkgs": [
          "hyprland",
          "pre-commit-hooks",
          "nixpkgs"
        ]
      },
      "locked": {
        "lastModified": 1709087332,
        "narHash": "sha256-HG2cCnktfHsKV0s4XW83gU3F57gaTljL9KNSuG6bnQs=",
        "owner": "hercules-ci",
        "repo": "gitignore.nix",
        "rev": "637db329424fd7e46cf4185293b9cc8c88c95394",
        "type": "github"
      },
      "original": {
        "owner": "hercules-ci",
        "repo": "gitignore.nix",
        "type": "github"
      }
    },
    "gitignore_2": {
      "inputs": {
        "nixpkgs": [
          "simple-nixos-mailserver",
          "git-hooks",
          "nixpkgs"
        ]
      },
      "locked": {
        "lastModified": 1709087332,
        "narHash": "sha256-HG2cCnktfHsKV0s4XW83gU3F57gaTljL9KNSuG6bnQs=",
        "owner": "hercules-ci",
        "repo": "gitignore.nix",
        "rev": "637db329424fd7e46cf4185293b9cc8c88c95394",
        "type": "github"
      },
      "original": {
        "owner": "hercules-ci",
        "repo": "gitignore.nix",
        "type": "github"
      }
    },
    "headplane": {
      "inputs": {
        "devshell": "devshell",
        "flake-utils": [
          "flake-utils"
        ],
        "nixpkgs": [
          "nixpkgs"
        ]
      },
      "locked": {
        "lastModified": 1776736017,
        "narHash": "sha256-D3hsaUZLyiJ96d5tknAyS4Uenv6FDZDUTZyr/Jscxg4=",
        "owner": "tale",
        "repo": "headplane",
        "rev": "4d252833effb13d1cdd48247d513a2afa2f0ad5e",
        "type": "github"
      },
      "original": {
        "owner": "tale",
        "repo": "headplane",
        "type": "github"
      }
    },
    "home-manager": {
      "inputs": {
        "nixpkgs": [
          "nixpkgs"
        ]
      },
      "locked": {
        "lastModified": 1776777932,
        "narHash": "sha256-0R3Yow/NzSeVGUke5tL7CCkqmss4Vmi6BbV6idHzq/8=",
        "owner": "nix-community",
        "repo": "home-manager",
        "rev": "5d5640599a0050b994330328b9fd45709c909720",
        "type": "github"
      },
      "original": {
        "owner": "nix-community",
        "repo": "home-manager",
        "type": "github"
      }
    },
    "hypersomnia-src": {
      "flake": false,
      "locked": {
        "lastModified": 1774486732,
        "narHash": "sha256-2OCnCnwMMgrjnQM/bv7F7eRCgLG/k9DF9ohHJWfSXVY=",
        "ref": "refs/heads/master",
        "rev": "a455395a8c36bc13e36e8eae85e1dbd0fc3e7d79",
        "revCount": 9877,
        "submodules": true,
        "type": "git",
        "url": "https://github.com/TeamHypersomnia/Hypersomnia"
      },
      "original": {
        "submodules": true,
        "type": "git",
        "url": "https://github.com/TeamHypersomnia/Hypersomnia"
      }
    },
    "hyprcursor": {
      "inputs": {
        "hyprlang": [
          "hyprland",
          "hyprlang"
        ],
        "nixpkgs": [
          "hyprland",
          "nixpkgs"
        ],
        "systems": [
          "hyprland",
          "systems"
        ]
      },
      "locked": {
        "lastModified": 1776511930,
        "narHash": "sha256-fCpwFiTW0rT7oKJqr3cqHMnkwypSwQKpbtUEtxdkgrM=",
        "owner": "hyprwm",
        "repo": "hyprcursor",
        "rev": "39435900785d0c560c6ae8777d29f28617d031ef",
        "type": "github"
      },
      "original": {
        "owner": "hyprwm",
        "repo": "hyprcursor",
        "type": "github"
      }
    },
    "hyprgraphics": {
      "inputs": {
        "hyprutils": [
          "hyprland",
          "hyprutils"
        ],
        "nixpkgs": [
          "hyprland",
          "nixpkgs"
        ],
        "systems": [
          "hyprland",
          "systems"
        ]
      },
      "locked": {
        "lastModified": 1776426399,
        "narHash": "sha256-RUESLKNikIeEq9ymGJ6nmcDXiSFQpUW1IhJ245nL3xM=",
        "owner": "hyprwm",
        "repo": "hyprgraphics",
        "rev": "68d064434787cf1ed4a2fe257c03c5f52f33cf84",
        "type": "github"
      },
      "original": {
        "owner": "hyprwm",
        "repo": "hyprgraphics",
        "type": "github"
      }
    },
    "hyprgrass": {
      "inputs": {
        "hyprland": [
          "hyprland"
        ],
        "nixpkgs": [
          "nixpkgs"
        ]
      },
      "locked": {
        "lastModified": 1774740735,
        "narHash": "sha256-PJ9w8WTTxI/lJVgCFsNRYodG4Ab3H4EOgjSq1dHli+A=",
        "owner": "horriblename",
        "repo": "hyprgrass",
        "rev": "cd4810130e2e8fd8a0f7be4b69b42b9c902ad00a",
        "type": "github"
      },
      "original": {
        "owner": "horriblename",
        "repo": "hyprgrass",
        "type": "github"
      }
    },
    "hyprland": {
      "inputs": {
        "aquamarine": "aquamarine",
        "hyprcursor": "hyprcursor",
        "hyprgraphics": "hyprgraphics",
        "hyprland-guiutils": "hyprland-guiutils",
        "hyprland-protocols": "hyprland-protocols",
        "hyprlang": "hyprlang",
        "hyprutils": "hyprutils",
        "hyprwayland-scanner": "hyprwayland-scanner",
        "hyprwire": "hyprwire",
        "nixpkgs": [
          "nixpkgs"
        ],
        "pre-commit-hooks": "pre-commit-hooks",
        "systems": [
          "systems"
        ],
        "xdph": "xdph"
      },
      "locked": {
        "lastModified": 1776805766,
        "narHash": "sha256-IVUzmEflwGk02ZAuBBc3h0gWu/p2c9H+cg//dgWlFBg=",
        "owner": "hyprwm",
        "repo": "Hyprland",
        "rev": "019dac7a0560145d7a557005a21a7fe48ecabe3e",
        "type": "github"
      },
      "original": {
        "owner": "hyprwm",
        "repo": "Hyprland",
        "type": "github"
      }
    },
    "hyprland-guiutils": {
      "inputs": {
        "aquamarine": [
          "hyprland",
          "aquamarine"
        ],
        "hyprgraphics": [
          "hyprland",
          "hyprgraphics"
        ],
        "hyprlang": [
          "hyprland",
          "hyprlang"
        ],
        "hyprtoolkit": "hyprtoolkit",
        "hyprutils": [
          "hyprland",
          "hyprutils"
        ],
        "hyprwayland-scanner": [
          "hyprland",
          "hyprwayland-scanner"
        ],
        "nixpkgs": [
          "hyprland",
          "nixpkgs"
        ],
        "systems": [
          "hyprland",
          "systems"
        ]
      },
      "locked": {
        "lastModified": 1776426575,
        "narHash": "sha256-KI6nIfVihn/DPaeB5Et46Xg3dkNHrrEtUd5LBBVomB0=",
        "owner": "hyprwm",
        "repo": "hyprland-guiutils",
        "rev": "a968d211048e3ed538e47b84cb3649299578f19d",
        "type": "github"
      },
      "original": {
        "owner": "hyprwm",
        "repo": "hyprland-guiutils",
        "type": "github"
      }
    },
    "hyprland-protocols": {
      "inputs": {
        "nixpkgs": [
          "hyprland",
          "nixpkgs"
        ],
        "systems": [
          "hyprland",
          "systems"
        ]
      },
      "locked": {
        "lastModified": 1772460177,
        "narHash": "sha256-/6G/MsPvtn7bc4Y32pserBT/Z4SUUdBd4XYJpOEKVR4=",
        "owner": "hyprwm",
        "repo": "hyprland-protocols",
        "rev": "1cb6db5fd6bb8aee419f4457402fa18293ace917",
        "type": "github"
      },
      "original": {
        "owner": "hyprwm",
        "repo": "hyprland-protocols",
        "type": "github"
      }
    },
    "hyprlang": {
      "inputs": {
        "hyprutils": [
          "hyprland",
          "hyprutils"
        ],
        "nixpkgs": [
          "hyprland",
          "nixpkgs"
        ],
        "systems": [
          "hyprland",
          "systems"
        ]
      },
      "locked": {
        "lastModified": 1776426736,
        "narHash": "sha256-rl7i4aY+9p8LysJp7o8uRWahCkpFznCgGHXszlTw7b0=",
        "owner": "hyprwm",
        "repo": "hyprlang",
        "rev": "7833ff33b2e82d3406337b5dcf0d1cec595d83e9",
        "type": "github"
      },
      "original": {
        "owner": "hyprwm",
        "repo": "hyprlang",
        "type": "github"
      }
    },
    "hyprlang_2": {
      "inputs": {
        "hyprutils": [
          "hyprutils"
        ],
        "nixpkgs": [
          "nixpkgs"
        ],
        "systems": [
          "systems"
        ]
      },
      "locked": {
        "lastModified": 1776426736,
        "narHash": "sha256-rl7i4aY+9p8LysJp7o8uRWahCkpFznCgGHXszlTw7b0=",
        "owner": "hyprwm",
        "repo": "hyprlang",
        "rev": "7833ff33b2e82d3406337b5dcf0d1cec595d83e9",
        "type": "github"
      },
      "original": {
        "owner": "hyprwm",
        "repo": "hyprlang",
        "type": "github"
      }
    },
    "hyprtoolkit": {
      "inputs": {
        "aquamarine": [
          "hyprland",
          "hyprland-guiutils",
          "aquamarine"
        ],
        "hyprgraphics": [
          "hyprland",
          "hyprland-guiutils",
          "hyprgraphics"
        ],
        "hyprlang": [
          "hyprland",
          "hyprland-guiutils",
          "hyprlang"
        ],
        "hyprutils": [
          "hyprland",
          "hyprland-guiutils",
          "hyprutils"
        ],
        "hyprwayland-scanner": [
          "hyprland",
          "hyprland-guiutils",
          "hyprwayland-scanner"
        ],
        "nixpkgs": [
          "hyprland",
          "hyprland-guiutils",
          "nixpkgs"
        ],
        "systems": [
          "hyprland",
          "hyprland-guiutils",
          "systems"
        ]
      },
      "locked": {
        "lastModified": 1772462885,
        "narHash": "sha256-5pHXrQK9zasMnIo6yME6EOXmWGFMSnCITcfKshhKJ9I=",
        "owner": "hyprwm",
        "repo": "hyprtoolkit",
        "rev": "9af245a69fa6b286b88ddfc340afd288e00a6998",
        "type": "github"
      },
      "original": {
        "owner": "hyprwm",
        "repo": "hyprtoolkit",
        "type": "github"
      }
    },
    "hyprutils": {
      "inputs": {
        "nixpkgs": [
          "hyprland",
          "nixpkgs"
        ],
        "systems": [
          "hyprland",
          "systems"
        ]
      },
      "locked": {
        "lastModified": 1776428866,
        "narHash": "sha256-XfRlBolGtjvalTHJp3XvvpYLBjkMhaZLLU0WqZ91Fcg=",
        "owner": "hyprwm",
        "repo": "hyprutils",
        "rev": "eedd60805cd96d4442586f2ba5fe51d549b12674",
        "type": "github"
      },
      "original": {
        "owner": "hyprwm",
        "repo": "hyprutils",
        "type": "github"
      }
    },
    "hyprutils_2": {
      "inputs": {
        "nixpkgs": [
          "nixpkgs"
        ],
        "systems": [
          "systems"
        ]
      },
      "locked": {
        "lastModified": 1776428866,
        "narHash": "sha256-XfRlBolGtjvalTHJp3XvvpYLBjkMhaZLLU0WqZ91Fcg=",
        "owner": "hyprwm",
        "repo": "hyprutils",
        "rev": "eedd60805cd96d4442586f2ba5fe51d549b12674",
        "type": "github"
      },
      "original": {
        "owner": "hyprwm",
        "repo": "hyprutils",
        "type": "github"
      }
    },
    "hyprwayland-scanner": {
      "inputs": {
        "nixpkgs": [
          "hyprland",
          "nixpkgs"
        ],
        "systems": [
          "hyprland",
          "systems"
        ]
      },
      "locked": {
        "lastModified": 1776430932,
        "narHash": "sha256-Yv3RPiUvl7CAsJgwIVsqcj7akn1gLyJP1F/mocof5hA=",
        "owner": "hyprwm",
        "repo": "hyprwayland-scanner",
        "rev": "4c2fcc06dc9722c97dbb54ba649c69b18ce83d2e",
        "type": "github"
      },
      "original": {
        "owner": "hyprwm",
        "repo": "hyprwayland-scanner",
        "type": "github"
      }
    },
    "hyprwire": {
      "inputs": {
        "hyprutils": [
          "hyprland",
          "hyprutils"
        ],
        "nixpkgs": [
          "hyprland",
          "nixpkgs"
        ],
        "systems": [
          "hyprland",
          "systems"
        ]
      },
      "locked": {
        "lastModified": 1776728575,
        "narHash": "sha256-z9eGphrArEBpl1O/GCH0wlY6z4K9vA6yWh2gAS6qytU=",
        "owner": "hyprwm",
        "repo": "hyprwire",
        "rev": "f3a80888783702a39691b684d099e16b83ed4702",
        "type": "github"
      },
      "original": {
        "owner": "hyprwm",
        "repo": "hyprwire",
        "type": "github"
      }
    },
    "impermanence": {
      "inputs": {
        "home-manager": [
          "home-manager"
        ],
        "nixpkgs": [
          "nixpkgs"
        ]
      },
      "locked": {
        "lastModified": 1769548169,
        "narHash": "sha256-03+JxvzmfwRu+5JafM0DLbxgHttOQZkUtDWBmeUkN8Y=",
        "owner": "nix-community",
        "repo": "impermanence",
        "rev": "7b1d382faf603b6d264f58627330f9faa5cba149",
        "type": "github"
      },
      "original": {
        "owner": "nix-community",
        "repo": "impermanence",
        "type": "github"
      }
    },
    "import-tree": {
      "locked": {
        "lastModified": 1763762820,
        "narHash": "sha256-ZvYKbFib3AEwiNMLsejb/CWs/OL/srFQ8AogkebEPF0=",
        "owner": "vic",
        "repo": "import-tree",
        "rev": "3c23749d8013ec6daa1d7255057590e9ca726646",
        "type": "github"
      },
      "original": {
        "owner": "vic",
        "repo": "import-tree",
        "type": "github"
      }
    },
    "lib-aggregate": {
      "inputs": {
        "flake-utils": [
          "flake-utils"
        ],
        "nixpkgs-lib": "nixpkgs-lib_2"
      },
      "locked": {
        "lastModified": 1776604187,
        "narHash": "sha256-rYAdN6wIB+li/dnF45di0ZplEzAbUr//r8T4TgTDMK4=",
        "owner": "nix-community",
        "repo": "lib-aggregate",
        "rev": "ca6dd228fe3daf2f4bd08a46717d68aa44490b48",
        "type": "github"
      },
      "original": {
        "owner": "nix-community",
        "repo": "lib-aggregate",
        "type": "github"
      }
    },
    "llm-agents": {
      "inputs": {
        "blueprint": "blueprint",
        "bun2nix": [
          "bun2nix"
        ],
        "flake-parts": [
          "flake-parts"
        ],
        "nixpkgs": [
          "nixpkgs"
        ],
        "systems": [
          "systems"
        ],
        "treefmt-nix": [
          "treefmt-nix"
        ]
      },
      "locked": {
        "lastModified": 1776828739,
        "narHash": "sha256-Uo1SvxXlqcxbpoew8deTAbBWDlA/LnkiXQ1PIb95fUA=",
        "owner": "numtide",
        "repo": "llm-agents.nix",
        "rev": "bb6fb1ef73d5a46877a3fc623fedef5cbf3939e3",
        "type": "github"
      },
      "original": {
        "owner": "numtide",
        "repo": "llm-agents.nix",
        "type": "github"
      }
    },
    "matthew-hardware": {
      "inputs": {
        "disko": [
          "disko"
        ],
        "flake-parts": [
          "flake-parts"
        ],
        "nixpkgs": [
          "nixpkgs"
        ],
        "unf": "unf"
      },
      "locked": {
        "lastModified": 1776122647,
        "narHash": "sha256-fMyqkF7Y5NkLg3Fq7hzqzHggTL/XaaYz3wHAEcLu8o4=",
        "ref": "refs/heads/master",
        "rev": "2076a7b2db86febbaadbec2dc335fb44d695a03d",
        "revCount": 6,
        "type": "git",
        "url": "https://codeberg.org/matthewcroughan/matthew-hardware"
      },
      "original": {
        "type": "git",
        "url": "https://codeberg.org/matthewcroughan/matthew-hardware"
      }
    },
    "mcp-servers-nix": {
      "inputs": {
        "nixpkgs": [
          "nixpkgs"
        ]
      },
      "locked": {
        "lastModified": 1776728819,
        "narHash": "sha256-L/7TlZvFvmTgHf+ZTXYM5wrmtJvZzfbHhc7pwiAKYoQ=",
        "owner": "natsukium",
        "repo": "mcp-servers-nix",
        "rev": "d0cc2a91635ec74e878722f7e16deac8255bb9a7",
        "type": "github"
      },
      "original": {
        "owner": "natsukium",
        "repo": "mcp-servers-nix",
        "type": "github"
      }
    },
    "meridian": {
      "inputs": {
        "bun2nix": [
          "bun2nix"
        ],
        "nixpkgs": [
          "nixpkgs"
        ],
        "systems": [
          "systems"
        ]
      },
      "locked": {
        "lastModified": 1777053780,
        "narHash": "sha256-bWsWTC/Y0FXvdWvM1jgKMNCa+6dPjld2n4ECHeRZbIM=",
        "owner": "rynfar",
        "repo": "meridian",
        "rev": "90fd26f22f8fbd37c24a34f6766606fab58a4808",
        "type": "github"
      },
      "original": {
        "owner": "rynfar",
        "repo": "meridian",
        "type": "github"
      }
    },
    "microvm": {
      "inputs": {
        "nixpkgs": [
          "nixpkgs"
        ],
        "spectrum": "spectrum"
      },
      "locked": {
        "lastModified": 1776340739,
        "narHash": "sha256-s4FDictJlPtY6Shd6scG5hgrDMiHth09+svtvTA5NLA=",
        "owner": "microvm-nix",
        "repo": "microvm.nix",
        "rev": "2f2f62fdfdca2750e3399f66bd03986ab967e5ca",
        "type": "github"
      },
      "original": {
        "owner": "microvm-nix",
        "repo": "microvm.nix",
        "type": "github"
      }
    },
    "ndg": {
      "inputs": {
        "nixpkgs": "nixpkgs"
      },
      "locked": {
        "lastModified": 1776100292,
        "narHash": "sha256-3Hc3VqlU/cjSdGFx0BwsobXyG8xG+rdn4JGCGt7Rlno=",
        "owner": "feel-co",
        "repo": "ndg",
        "rev": "617ec9165b84f6f2364bc37340d3a367ab4fd596",
        "type": "github"
      },
      "original": {
        "owner": "feel-co",
        "repo": "ndg",
        "type": "github"
      }
    },
    "nix-index-database": {
      "inputs": {
        "nixpkgs": [
          "nixpkgs"
        ]
      },
      "locked": {
        "lastModified": 1776829403,
        "narHash": "sha256-oHVcvP2Ahhj1KUsEzp+2BQF55/r5VSa3QxdPdwE1p00=",
        "owner": "nix-community",
        "repo": "nix-index-database",
        "rev": "c43246d4e9e506178b69baed075d797ec2d873e2",
        "type": "github"
      },
      "original": {
        "owner": "nix-community",
        "repo": "nix-index-database",
        "type": "github"
      }
    },
    "nixlib": {
      "locked": {
        "lastModified": 1736643958,
        "narHash": "sha256-tmpqTSWVRJVhpvfSN9KXBvKEXplrwKnSZNAoNPf/S/s=",
        "owner": "nix-community",
        "repo": "nixpkgs.lib",
        "rev": "1418bc28a52126761c02dd3d89b2d8ca0f521181",
        "type": "github"
      },
      "original": {
        "owner": "nix-community",
        "repo": "nixpkgs.lib",
        "type": "github"
      }
    },
    "nixos-generators": {
      "inputs": {
        "nixlib": "nixlib",
        "nixpkgs": [
          "nixpkgs"
        ]
      },
      "locked": {
        "lastModified": 1769813415,
        "narHash": "sha256-nnVmNNKBi1YiBNPhKclNYDORoHkuKipoz7EtVnXO50A=",
        "owner": "nix-community",
        "repo": "nixos-generators",
        "rev": "8946737ff703382fda7623b9fab071d037e897d5",
        "type": "github"
      },
      "original": {
        "owner": "nix-community",
        "repo": "nixos-generators",
        "type": "github"
      }
    },
    "nixos-hardware": {
      "locked": {
        "lastModified": 1776830795,
        "narHash": "sha256-PAfvLwuHc1VOvsLcpk6+HDKgMEibvZjCNvbM1BJOA7o=",
        "owner": "NixOS",
        "repo": "nixos-hardware",
        "rev": "72674a6b5599e844c045ae7449ba91f803d44ebc",
        "type": "github"
      },
      "original": {
        "owner": "NixOS",
        "repo": "nixos-hardware",
        "type": "github"
      }
    },
    "nixos-images": {
      "inputs": {
        "nixos-stable": [
          "nixos-raspberrypi",
          "nixpkgs"
        ],
        "nixos-unstable": [
          "nixos-raspberrypi",
          "nixpkgs"
        ]
      },
      "locked": {
        "lastModified": 1747747741,
        "narHash": "sha256-LUOH27unNWbGTvZFitHonraNx0JF/55h30r9WxqrznM=",
        "owner": "nvmd",
        "repo": "nixos-images",
        "rev": "cbbd6db325775096680b65e2a32fb6187c09bbb4",
        "type": "github"
      },
      "original": {
        "owner": "nvmd",
        "ref": "sdimage-installer",
        "repo": "nixos-images",
        "type": "github"
      }
    },
    "nixos-raspberrypi": {
      "inputs": {
        "argononed": "argononed",
        "flake-compat": [
          "flake-compat"
        ],
        "nixos-images": "nixos-images",
        "nixpkgs": [
          "nixpkgs"
        ]
      },
      "locked": {
        "lastModified": 1775857096,
        "narHash": "sha256-+eSij7C0oMqz76rGnB99RuWptBuEkJBm9vgb5fIwRrg=",
        "owner": "nvmd",
        "repo": "nixos-raspberrypi",
        "rev": "1dc4ca5f93587932383c0b61e1753f5eed1c3bba",
        "type": "github"
      },
      "original": {
        "owner": "nvmd",
        "ref": "main",
        "repo": "nixos-raspberrypi",
        "type": "github"
      }
    },
    "nixpkgs": {
      "locked": {
        "lastModified": 1775036866,
        "narHash": "sha256-ByAX1LkhCwZ94+KnFAmnJSMAvui7kgCxjHgUHsWAbfI=",
        "rev": "6201e203d09599479a3b3450ed24fa81537ebc4e",
        "type": "tarball",
        "url": "https://releases.nixos.org/nixos/unstable/nixos-26.05pre972949.6201e203d095/nixexprs.tar.xz?lastModified=1775036866&rev=6201e203d09599479a3b3450ed24fa81537ebc4e"
      },
      "original": {
        "type": "tarball",
        "url": "https://channels.nixos.org/nixos-unstable/nixexprs.tar.xz"
      }
    },
    "nixpkgs-lib": {
      "locked": {
        "lastModified": 1774748309,
        "narHash": "sha256-+U7gF3qxzwD5TZuANzZPeJTZRHS29OFQgkQ2kiTJBIQ=",
        "owner": "nix-community",
        "repo": "nixpkgs.lib",
        "rev": "333c4e0545a6da976206c74db8773a1645b5870a",
        "type": "github"
      },
      "original": {
        "owner": "nix-community",
        "repo": "nixpkgs.lib",
        "type": "github"
      }
    },
    "nixpkgs-lib_2": {
      "locked": {
        "lastModified": 1776564050,
        "narHash": "sha256-01CvP7g0lwWuB1ruUKUy/xZqorQYKaTd4iPdCAoToFk=",
        "owner": "nix-community",
        "repo": "nixpkgs.lib",
        "rev": "927c9af2765fead764f1a6b9557feef2a40201f5",
        "type": "github"
      },
      "original": {
        "owner": "nix-community",
        "repo": "nixpkgs.lib",
        "type": "github"
      }
    },
    "nixpkgs-wayland": {
      "inputs": {
        "flake-compat": [
          "flake-compat"
        ],
        "lib-aggregate": [
          "lib-aggregate"
        ],
        "nixpkgs": [
          "nixpkgs"
        ]
      },
      "locked": {
        "lastModified": 1776781056,
        "narHash": "sha256-JWT91+nSB9qBSVIDx6R5lEjs/qBwr8bFDGWKZXPURY0=",
        "owner": "nix-community",
        "repo": "nixpkgs-wayland",
        "rev": "7575d23a35dec99eda9d3ef2e4a7487d1623dde3",
        "type": "github"
      },
      "original": {
        "owner": "nix-community",
        "repo": "nixpkgs-wayland",
        "type": "github"
      }
    },
    "nixpkgsStable": {
      "locked": {
        "lastModified": 1767313136,
        "narHash": "sha256-16KkgfdYqjaeRGBaYsNrhPRRENs0qzkQVUooNHtoy2w=",
        "owner": "NixOS",
        "repo": "nixpkgs",
        "rev": "ac62194c3917d5f474c1a844b6fd6da2db95077d",
        "type": "github"
      },
      "original": {
        "owner": "NixOS",
        "ref": "nixos-25.05",
        "repo": "nixpkgs",
        "type": "github"
      }
    },
    "nixpkgsUnstable": {
      "locked": {
        "lastModified": 1776169885,
        "narHash": "sha256-l/iNYDZ4bGOAFQY2q8y5OAfBBtrDAaPuRQqWaFHVRXM=",
        "owner": "NixOS",
        "repo": "nixpkgs",
        "rev": "4bd9165a9165d7b5e33ae57f3eecbcb28fb231c9",
        "type": "github"
      },
      "original": {
        "owner": "NixOS",
        "ref": "nixos-unstable",
        "repo": "nixpkgs",
        "type": "github"
      }
    },
    "nixpkgs_2": {
      "locked": {
        "lastModified": 1775888245,
        "narHash": "sha256-nwASzrRDD1JBEu/o8ekKYEXm/oJW6EMCzCRdrwcLe90=",
        "owner": "nixos",
        "repo": "nixpkgs",
        "rev": "13043924aaa7375ce482ebe2494338e058282925",
        "type": "github"
      },
      "original": {
        "owner": "nixos",
        "ref": "nixpkgs-unstable",
        "repo": "nixpkgs",
        "type": "github"
      }
    },
    "nixpkgs_3": {
      "locked": {
        "lastModified": 1776848212,
        "narHash": "sha256-2FxFf10psIYH5paMKIOgE3Ut9VWJhkhruIfYT4+Pp0M=",
        "owner": "NixOS",
        "repo": "nixpkgs",
        "rev": "a5f16a4a4e1a1031770918f7aebe93188e540ab7",
        "type": "github"
      },
      "original": {
        "owner": "NixOS",
        "repo": "nixpkgs",
        "type": "github"
      }
    },
    "nur": {
      "inputs": {
        "flake-parts": [
          "flake-parts"
        ],
        "nixpkgs": [
          "nixpkgs"
        ]
      },
      "locked": {
        "lastModified": 1776845162,
        "narHash": "sha256-mhPzo1pylcHTWoqOHRaGaGE3DgkrjDi5E9LTJzEMu88=",
        "owner": "nix-community",
        "repo": "NUR",
        "rev": "01c71cab933d89869cd0a29fd3c32fc693f322f2",
        "type": "github"
      },
      "original": {
        "owner": "nix-community",
        "repo": "NUR",
        "type": "github"
      }
    },
    "openwork-src": {
      "flake": false,
      "locked": {
        "lastModified": 1776039651,
        "narHash": "sha256-ifZY5d4FjRURExoeSxlqcI8iV6t01xRs07MkPc2+Hn4=",
        "owner": "different-ai",
        "repo": "openwork",
        "rev": "bae127c18262384552397d8022a78b083940baff",
        "type": "github"
      },
      "original": {
        "owner": "different-ai",
        "repo": "openwork",
        "type": "github"
      }
    },
    "pi400kb-nix": {
      "inputs": {
        "nixos-hardware": [
          "nixos-hardware"
        ],
        "nixpkgs": [
          "nixpkgs"
        ]
      },
      "locked": {
        "lastModified": 1741426683,
        "narHash": "sha256-h5Ud614/yYUDYbjgGKzr+j610XJxvo1ndfSkFsk9hfA=",
        "ref": "main",
        "rev": "6ec167e4274f9bb2844ae59604badfeca694fe8e",
        "revCount": 50,
        "submodules": true,
        "type": "git",
        "url": "https://github.com/ritiek/pi400kb"
      },
      "original": {
        "ref": "main",
        "submodules": true,
        "type": "git",
        "url": "https://github.com/ritiek/pi400kb"
      }
    },
    "pre-commit-hooks": {
      "inputs": {
        "flake-compat": "flake-compat_2",
        "gitignore": "gitignore",
        "nixpkgs": [
          "hyprland",
          "nixpkgs"
        ]
      },
      "locked": {
        "lastModified": 1776796298,
        "narHash": "sha256-PcRvlWayisPSjd0UcRQbhG8Oqw78AcPE6x872cPRHN8=",
        "owner": "cachix",
        "repo": "git-hooks.nix",
        "rev": "3cfd774b0a530725a077e17354fbdb87ea1c4aad",
        "type": "github"
      },
      "original": {
        "owner": "cachix",
        "repo": "git-hooks.nix",
        "type": "github"
      }
    },
    "rbw": {
      "flake": false,
      "locked": {
        "lastModified": 1757680732,
        "narHash": "sha256-W+XnriAdCao8OVUz7Wz3+aVQUXP+4WCJNvuMs1MMHuY=",
        "owner": "natsukagami",
        "repo": "rbw",
        "rev": "4f654938d1845d1be51a02791914227c3862d0e4",
        "type": "github"
      },
      "original": {
        "owner": "natsukagami",
        "ref": "fix-repeat-password-prompt",
        "repo": "rbw",
        "type": "github"
      }
    },
    "reitti-src": {
      "flake": false,
      "locked": {
        "lastModified": 1776073472,
        "narHash": "sha256-KvY3FHNz0X3giEh6NG5mPGwWbi6wBUZOaKxNUmCFTxA=",
        "owner": "dedicatedcode",
        "repo": "reitti",
        "rev": "b58cf78690ff0dcf273faba7847b58d6c3e87c5b",
        "type": "github"
      },
      "original": {
        "owner": "dedicatedcode",
        "repo": "reitti",
        "type": "github"
      }
    },
    "rockchip": {
      "inputs": {
        "nixpkgsStable": "nixpkgsStable",
        "nixpkgsUnstable": "nixpkgsUnstable",
        "utils": [
          "flake-utils"
        ]
      },
      "locked": {
        "lastModified": 1776711357,
        "narHash": "sha256-qTo7Fx5eAsnLTDBZiefb4Tg5QUVh7E65RmhDMoZNdKk=",
        "owner": "nabam",
        "repo": "nixos-rockchip",
        "rev": "1e625979515e781279b447ada28c8ae90dc6f4d9",
        "type": "github"
      },
      "original": {
        "owner": "nabam",
        "repo": "nixos-rockchip",
        "type": "github"
      }
    },
    "root": {
      "inputs": {
        "bun2nix": "bun2nix",
        "deploy-rs": "deploy-rs",
        "disko": "disko",
        "flake-compat": "flake-compat",
        "flake-parts": "flake-parts",
        "flake-utils": "flake-utils",
        "headplane": "headplane",
        "home-manager": "home-manager",
        "hyprgrass": "hyprgrass",
        "hyprland": "hyprland",
        "hyprlang": "hyprlang_2",
        "hyprutils": "hyprutils_2",
        "impermanence": "impermanence",
        "lib-aggregate": "lib-aggregate",
        "llm-agents": "llm-agents",
        "matthew-hardware": "matthew-hardware",
        "mcp-servers-nix": "mcp-servers-nix",
        "meridian": "meridian",
        "microvm": "microvm",
        "nix-index-database": "nix-index-database",
        "nixos-generators": "nixos-generators",
        "nixos-hardware": "nixos-hardware",
        "nixos-raspberrypi": "nixos-raspberrypi",
        "nixpkgs": "nixpkgs_3",
        "nixpkgs-wayland": "nixpkgs-wayland",
        "nur": "nur",
        "pi400kb-nix": "pi400kb-nix",
        "rbw": "rbw",
        "rockchip": "rockchip",
        "rosa-flake-pkgs": "rosa-flake-pkgs",
        "rose-pine-hyprcursor": "rose-pine-hyprcursor",
        "simple-nixos-mailserver": "simple-nixos-mailserver",
        "sops-nix": "sops-nix",
        "sops-shell": "sops-shell",
        "stable": "stable",
        "systems": "systems_3",
        "treefmt-nix": "treefmt-nix",
        "unstable": "unstable",
        "zen-browser": "zen-browser"
      }
    },
    "rosa-flake-pkgs": {
      "inputs": {
        "anytype-cli-src": "anytype-cli-src",
        "chrome-devtools-mcp-src": "chrome-devtools-mcp-src",
        "diypresso-client-src": "diypresso-client-src",
        "flake-utils": [
          "flake-utils"
        ],
        "hypersomnia-src": "hypersomnia-src",
        "nixpkgs": [
          "nixpkgs"
        ],
        "openwork-src": "openwork-src",
        "reitti-src": "reitti-src"
      },
      "locked": {
        "lastModified": 1776157076,
        "narHash": "sha256-gayRmDq25+CYiTsedRhECV5nlwfLJJklJmjux25RJ5w=",
        "ref": "refs/heads/main",
        "rev": "aa4b3ab19526e281653cd3cc5c91df1aa52282b6",
        "revCount": 52,
        "type": "git",
        "url": "https://rosa.radicle.xyz/rad:z3xKxmF48Drxap7N7D3qDChV9bPAy"
      },
      "original": {
        "type": "git",
        "url": "https://rosa.radicle.xyz/rad:z3xKxmF48Drxap7N7D3qDChV9bPAy"
      }
    },
    "rose-pine-hyprcursor": {
      "inputs": {
        "hyprlang": [
          "hyprlang"
        ],
        "nixpkgs": [
          "nixpkgs"
        ],
        "utils": [
          "flake-utils"
        ]
      },
      "locked": {
        "lastModified": 1748096947,
        "narHash": "sha256-ouuA8LVBXzrbYwPW2vNjh7fC9H2UBud/1tUiIM5vPvM=",
        "owner": "ndom91",
        "repo": "rose-pine-hyprcursor",
        "rev": "4b02963d0baf0bee18725cf7c5762b3b3c1392f1",
        "type": "github"
      },
      "original": {
        "owner": "ndom91",
        "repo": "rose-pine-hyprcursor",
        "type": "github"
      }
    },
    "rust-overlay": {
      "inputs": {
        "nixpkgs": [
          "sops-shell",
          "nixpkgs"
        ]
      },
      "locked": {
        "lastModified": 1764383863,
        "narHash": "sha256-KA5F0137hLvk576mfucWvFu8Z8g8MTm+6c3gw2mZcKI=",
        "owner": "oxalica",
        "repo": "rust-overlay",
        "rev": "4f5a90bf043a57add9b3288bbd25ed534bfaffb5",
        "type": "github"
      },
      "original": {
        "owner": "oxalica",
        "repo": "rust-overlay",
        "type": "github"
      }
    },
    "simple-nixos-mailserver": {
      "inputs": {
        "blobs": "blobs",
        "flake-compat": [
          "flake-compat"
        ],
        "git-hooks": "git-hooks",
        "nixpkgs": [
          "nixpkgs"
        ]
      },
      "locked": {
        "lastModified": 1776776429,
        "narHash": "sha256-IAWbpPbr2TJ1Znqi2y1kUv0YN2JxPwYKV61VszCvWpo=",
        "owner": "simple-nixos-mailserver",
        "repo": "nixos-mailserver",
        "rev": "0b1ca542413481e6ebe56feca2c4df9326465fd0",
        "type": "gitlab"
      },
      "original": {
        "owner": "simple-nixos-mailserver",
        "repo": "nixos-mailserver",
        "type": "gitlab"
      }
    },
    "sops-nix": {
      "inputs": {
        "nixpkgs": [
          "nixpkgs"
        ]
      },
      "locked": {
        "lastModified": 1776771786,
        "narHash": "sha256-DRFGPfFV6hbrfO9a1PH1FkCi7qR5FgjSqsQGGvk1rdI=",
        "owner": "Mic92",
        "repo": "sops-nix",
        "rev": "bef289e2248991f7afeb95965c82fbcd8ff72598",
        "type": "github"
      },
      "original": {
        "owner": "Mic92",
        "repo": "sops-nix",
        "type": "github"
      }
    },
    "sops-shell": {
      "inputs": {
        "flake-utils": [
          "flake-utils"
        ],
        "nixpkgs": [
          "nixpkgs"
        ],
        "rust-overlay": "rust-overlay"
      },
      "locked": {
        "lastModified": 1775314798,
        "narHash": "sha256-+DXPDNZtEfMYMuS1dbxRlLuFhxwv5HbRARCM3z1zOfU=",
        "owner": "ritiek",
        "repo": "sops-shell",
        "rev": "8508712c1eb3f81fb06391e472620af8dc903125",
        "type": "github"
      },
      "original": {
        "owner": "ritiek",
        "repo": "sops-shell",
        "type": "github"
      }
    },
    "spectrum": {
      "flake": false,
      "locked": {
        "lastModified": 1772189877,
        "narHash": "sha256-i1p90Rgssb//aNiTDFq46ZG/fk3LmyRLChtp/9lddyA=",
        "ref": "refs/heads/main",
        "rev": "fe39e122d898f66e89ffa17d4f4209989ccb5358",
        "revCount": 1255,
        "type": "git",
        "url": "https://spectrum-os.org/git/spectrum"
      },
      "original": {
        "type": "git",
        "url": "https://spectrum-os.org/git/spectrum"
      }
    },
    "stable": {
      "locked": {
        "lastModified": 1735563628,
        "narHash": "sha256-OnSAY7XDSx7CtDoqNh8jwVwh4xNL/2HaJxGjryLWzX8=",
        "owner": "NixOS",
        "repo": "nixpkgs",
        "rev": "b134951a4c9f3c995fd7be05f3243f8ecd65d798",
        "type": "github"
      },
      "original": {
        "owner": "NixOS",
        "ref": "nixos-24.05",
        "repo": "nixpkgs",
        "type": "github"
      }
    },
    "systems": {
      "locked": {
        "lastModified": 1681028828,
        "narHash": "sha256-Vy1rq5AaRuLzOxct8nz4T6wlgyUR7zLU309k9mBC768=",
        "owner": "nix-systems",
        "repo": "default",
        "rev": "da67096a3b9bf56a91d16901293e51ba5b49a27e",
        "type": "github"
      },
      "original": {
        "owner": "nix-systems",
        "repo": "default",
        "type": "github"
      }
    },
    "systems_2": {
      "locked": {
        "lastModified": 1681028828,
        "narHash": "sha256-Vy1rq5AaRuLzOxct8nz4T6wlgyUR7zLU309k9mBC768=",
        "owner": "nix-systems",
        "repo": "default",
        "rev": "da67096a3b9bf56a91d16901293e51ba5b49a27e",
        "type": "github"
      },
      "original": {
        "owner": "nix-systems",
        "repo": "default",
        "type": "github"
      }
    },
    "systems_3": {
      "locked": {
        "lastModified": 1681028828,
        "narHash": "sha256-Vy1rq5AaRuLzOxct8nz4T6wlgyUR7zLU309k9mBC768=",
        "owner": "nix-systems",
        "repo": "default",
        "rev": "da67096a3b9bf56a91d16901293e51ba5b49a27e",
        "type": "github"
      },
      "original": {
        "owner": "nix-systems",
        "repo": "default",
        "type": "github"
      }
    },
    "treefmt-nix": {
      "inputs": {
        "nixpkgs": [
          "nixpkgs"
        ]
      },
      "locked": {
        "lastModified": 1775636079,
        "narHash": "sha256-pc20NRoMdiar8oPQceQT47UUZMBTiMdUuWrYu2obUP0=",
        "owner": "numtide",
        "repo": "treefmt-nix",
        "rev": "790751ff7fd3801feeaf96d7dc416a8d581265ba",
        "type": "github"
      },
      "original": {
        "owner": "numtide",
        "repo": "treefmt-nix",
        "type": "github"
      }
    },
    "unf": {
      "inputs": {
        "ndg": "ndg",
        "nixpkgs": "nixpkgs_2"
      },
      "locked": {
        "lastModified": 1760178630,
        "narHash": "sha256-oxRMTQtzIO1yFRhY++Ss8+ea1cTH40bD/+FAE+m5NFk=",
        "ref": "refs/heads/main",
        "rev": "8a6aa536039f1b207888b1369c5cabf0b131e07b",
        "revCount": 5,
        "type": "git",
        "url": "https://git.atagen.co/atagen/unf"
      },
      "original": {
        "type": "git",
        "url": "https://git.atagen.co/atagen/unf"
      }
    },
    "unstable": {
      "locked": {
        "lastModified": 1776548001,
        "narHash": "sha256-ZSK0NL4a1BwVbbTBoSnWgbJy9HeZFXLYQizjb2DPF24=",
        "owner": "NixOS",
        "repo": "nixpkgs",
        "rev": "b12141ef619e0a9c1c84dc8c684040326f27cdcc",
        "type": "github"
      },
      "original": {
        "owner": "NixOS",
        "ref": "nixos-unstable",
        "repo": "nixpkgs",
        "type": "github"
      }
    },
    "utils": {
      "inputs": {
        "systems": "systems_2"
      },
      "locked": {
        "lastModified": 1731533236,
        "narHash": "sha256-l0KFg5HjrsfsO/JpG+r7fRrqm12kzFHyUHqHCVpMMbI=",
        "owner": "numtide",
        "repo": "flake-utils",
        "rev": "11707dc2f618dd54ca8739b309ec4fc024de578b",
        "type": "github"
      },
      "original": {
        "owner": "numtide",
        "repo": "flake-utils",
        "type": "github"
      }
    },
    "xdph": {
      "inputs": {
        "hyprland-protocols": [
          "hyprland",
          "hyprland-protocols"
        ],
        "hyprlang": [
          "hyprland",
          "hyprlang"
        ],
        "hyprutils": [
          "hyprland",
          "hyprutils"
        ],
        "hyprwayland-scanner": [
          "hyprland",
          "hyprwayland-scanner"
        ],
        "nixpkgs": [
          "hyprland",
          "nixpkgs"
        ],
        "systems": [
          "hyprland",
          "systems"
        ]
      },
      "locked": {
        "lastModified": 1776608502,
        "narHash": "sha256-UH8YoQxx4hFOm6qjMdjRQNRvSejFIR/wBZ8fW1p9sME=",
        "owner": "hyprwm",
        "repo": "xdg-desktop-portal-hyprland",
        "rev": "4a293523d36dfa367e67ec304cc718ea66a8fec2",
        "type": "github"
      },
      "original": {
        "owner": "hyprwm",
        "repo": "xdg-desktop-portal-hyprland",
        "type": "github"
      }
    },
    "zen-browser": {
      "inputs": {
        "home-manager": [
          "home-manager"
        ],
        "nixpkgs": [
          "nixpkgs"
        ]
      },
      "locked": {
        "lastModified": 1776844129,
        "narHash": "sha256-DaYSEBVzTvUhTuoVe70NHphoq5JKUHqUhlNlN5XnTuU=",
        "owner": "0xc000022070",
        "repo": "zen-browser-flake",
        "rev": "90706e6ab801e4fb7bc53343db67583631936192",
        "type": "github"
      },
      "original": {
        "owner": "0xc000022070",
        "repo": "zen-browser-flake",
        "type": "github"
      }
    }
  },
  "root": "root",
  "version": 7
}
